PODS:
  - MGLoadingImageView (0.1.0)

DEPENDENCIES:
  - MGLoadingImageView (from `../`)

EXTERNAL SOURCES:
  MGLoadingImageView:
    :path: ../

SPEC CHECKSUMS:
  MGLoadingImageView: 7a5d2278f3dec8427b8009f7477d7783c776a7e5

PODFILE CHECKSUM: f4f7395a056caff00e69de57b6be1d9d3eb2fb7d

COCOAPODS: 1.1.1
